// !$*UTF8*$!
{
	archiveVersion = 1;
	classes = {
	};
	objectVersion = 46;
	objects = {

/* Begin PBXBuildFile section */
		9F25BD2A1510354300F11603 /* UIKit.framework in Frameworks */ = {isa = PBXBuildFile; fileRef = 9F25BD291510354300F11603 /* UIKit.framework */; };
		9F25BD2C1510354300F11603 /* Foundation.framework in Frameworks */ = {isa = PBXBuildFile; fileRef = 9F25BD2B1510354300F11603 /* Foundation.framework */; };
		9F25BD2E1510354300F11603 /* CoreGraphics.framework in Frameworks */ = {isa = PBXBuildFile; fileRef = 9F25BD2D1510354300F11603 /* CoreGraphics.framework */; };
		9F25BD341510354300F11603 /* InfoPlist.strings in Resources */ = {isa = PBXBuildFile; fileRef = 9F25BD321510354300F11603 /* InfoPlist.strings */; };
		9F25BD361510354300F11603 /* main.m in Sources */ = {isa = PBXBuildFile; fileRef = 9F25BD351510354300F11603 /* main.m */; };
		9F25BD3A1510354300F11603 /* AppDelegate.m in Sources */ = {isa = PBXBuildFile; fileRef = 9F25BD391510354300F11603 /* AppDelegate.m */; };
		9F25BD3D1510354300F11603 /* MasterViewController.m in Sources */ = {isa = PBXBuildFile; fileRef = 9F25BD3C1510354300F11603 /* MasterViewController.m */; };
		9F25BD401510354300F11603 /* DetailViewController.m in Sources */ = {isa = PBXBuildFile; fileRef = 9F25BD3F1510354300F11603 /* DetailViewController.m */; };
		9F25BD431510354400F11603 /* MasterViewController.xib in Resources */ = {isa = PBXBuildFile; fileRef = 9F25BD411510354400F11603 /* MasterViewController.xib */; };
		9F25BD461510354400F11603 /* DetailViewController.xib in Resources */ = {isa = PBXBuildFile; fileRef = 9F25BD441510354400F11603 /* DetailViewController.xib */; };
		9F25BD5C1510399400F11603 /* Default.png in Resources */ = {isa = PBXBuildFile; fileRef = 9F25BD5B1510399400F11603 /* Default.png */; };
		9F25BD5E1510399700F11603 /* Default@2x.png in Resources */ = {isa = PBXBuildFile; fileRef = 9F25BD5D1510399700F11603 /* Default@2x.png */; };
		9F25BD60151039AF00F11603 /* icon.png in Resources */ = {isa = PBXBuildFile; fileRef = 9F25BD5F151039AF00F11603 /* icon.png */; };
		9F25BD62151039B400F11603 /* icon@2x.png in Resources */ = {isa = PBXBuildFile; fileRef = 9F25BD61151039B400F11603 /* icon@2x.png */; };
		9F25BD71151045CE00F11603 /* GongwentongFetcher.m in Sources */ = {isa = PBXBuildFile; fileRef = 9F25BD70151045CE00F11603 /* GongwentongFetcher.m */; };
		9F25BD741510464B00F11603 /* FileHelper.m in Sources */ = {isa = PBXBuildFile; fileRef = 9F25BD731510464B00F11603 /* FileHelper.m */; };
		9F25BD8E151046C800F11603 /* NSObject+SBJson.m in Sources */ = {isa = PBXBuildFile; fileRef = 9F25BD76151046C600F11603 /* NSObject+SBJson.m */; };
		9F25BD8F151046C800F11603 /* SBJsonParser.m in Sources */ = {isa = PBXBuildFile; fileRef = 9F25BD79151046C600F11603 /* SBJsonParser.m */; };
		9F25BD90151046C800F11603 /* SBJsonStreamParser.m in Sources */ = {isa = PBXBuildFile; fileRef = 9F25BD7B151046C600F11603 /* SBJsonStreamParser.m */; };
		9F25BD91151046C800F11603 /* SBJsonStreamParserAccumulator.m in Sources */ = {isa = PBXBuildFile; fileRef = 9F25BD7D151046C700F11603 /* SBJsonStreamParserAccumulator.m */; };
		9F25BD92151046C800F11603 /* SBJsonStreamParserAdapter.m in Sources */ = {isa = PBXBuildFile; fileRef = 9F25BD7F151046C700F11603 /* SBJsonStreamParserAdapter.m */; };
		9F25BD93151046C800F11603 /* SBJsonStreamParserState.m in Sources */ = {isa = PBXBuildFile; fileRef = 9F25BD81151046C700F11603 /* SBJsonStreamParserState.m */; };
		9F25BD94151046C800F11603 /* SBJsonStreamWriter.m in Sources */ = {isa = PBXBuildFile; fileRef = 9F25BD83151046C700F11603 /* SBJsonStreamWriter.m */; };
		9F25BD95151046C800F11603 /* SBJsonStreamWriterAccumulator.m in Sources */ = {isa = PBXBuildFile; fileRef = 9F25BD85151046C700F11603 /* SBJsonStreamWriterAccumulator.m */; };
		9F25BD96151046C800F11603 /* SBJsonStreamWriterState.m in Sources */ = {isa = PBXBuildFile; fileRef = 9F25BD87151046C700F11603 /* SBJsonStreamWriterState.m */; };
		9F25BD97151046C800F11603 /* SBJsonTokeniser.m in Sources */ = {isa = PBXBuildFile; fileRef = 9F25BD89151046C700F11603 /* SBJsonTokeniser.m */; };
		9F25BD98151046C800F11603 /* SBJsonUTF8Stream.m in Sources */ = {isa = PBXBuildFile; fileRef = 9F25BD8B151046C800F11603 /* SBJsonUTF8Stream.m */; };
		9F25BD99151046C800F11603 /* SBJsonWriter.m in Sources */ = {isa = PBXBuildFile; fileRef = 9F25BD8D151046C800F11603 /* SBJsonWriter.m */; };
		9F25BD9D151048CD00F11603 /* GWTListViewController.m in Sources */ = {isa = PBXBuildFile; fileRef = 9F25BD9C151048CD00F11603 /* GWTListViewController.m */; };
		9FA091DC1510627300C6F6AE /* WebViewController.m in Sources */ = {isa = PBXBuildFile; fileRef = 9FA091DA1510627300C6F6AE /* WebViewController.m */; };
		9FA091DD1510627300C6F6AE /* WebViewController.xib in Resources */ = {isa = PBXBuildFile; fileRef = 9FA091DB1510627300C6F6AE /* WebViewController.xib */; };
		9FEA9A59151095D70022375C /* SZUCALLoginViewController.m in Sources */ = {isa = PBXBuildFile; fileRef = 9FEA9A57151095D70022375C /* SZUCALLoginViewController.m */; };
		9FEA9A5A151095D70022375C /* SZUCALLoginViewController.xib in Resources */ = {isa = PBXBuildFile; fileRef = 9FEA9A58151095D70022375C /* SZUCALLoginViewController.xib */; };
		9FEA9A5E1510989D0022375C /* SZUCALTableViewController.m in Sources */ = {isa = PBXBuildFile; fileRef = 9FEA9A5D1510989D0022375C /* SZUCALTableViewController.m */; };
		9FEA9A681510B6570022375C /* README.md in Resources */ = {isa = PBXBuildFile; fileRef = 9FEA9A671510B6570022375C /* README.md */; };
/* End PBXBuildFile section */

/* Begin PBXFileReference section */
		9F25BD251510354300F11603 /* szuweixiaoyuan.app */ = {isa = PBXFileReference; explicitFileType = wrapper.application; includeInIndex = 0; path = szuweixiaoyuan.app; sourceTree = BUILT_PRODUCTS_DIR; };
		9F25BD291510354300F11603 /* UIKit.framework */ = {isa = PBXFileReference; lastKnownFileType = wrapper.framework; name = UIKit.framework; path = System/Library/Frameworks/UIKit.framework; sourceTree = SDKROOT; };
		9F25BD2B1510354300F11603 /* Foundation.framework */ = {isa = PBXFileReference; lastKnownFileType = wrapper.framework; name = Foundation.framework; path = System/Library/Frameworks/Foundation.framework; sourceTree = SDKROOT; };
		9F25BD2D1510354300F11603 /* CoreGraphics.framework */ = {isa = PBXFileReference; lastKnownFileType = wrapper.framework; name = CoreGraphics.framework; path = System/Library/Frameworks/CoreGraphics.framework; sourceTree = SDKROOT; };
		9F25BD311510354300F11603 /* szuweixiaoyuan-Info.plist */ = {isa = PBXFileReference; lastKnownFileType = text.plist.xml; path = "szuweixiaoyuan-Info.plist"; sourceTree = "<group>"; };
		9F25BD331510354300F11603 /* en */ = {isa = PBXFileReference; lastKnownFileType = text.plist.strings; name = en; path = en.lproj/InfoPlist.strings; sourceTree = "<group>"; };
		9F25BD351510354300F11603 /* main.m */ = {isa = PBXFileReference; lastKnownFileType = sourcecode.c.objc; path = main.m; sourceTree = "<group>"; };
		9F25BD371510354300F11603 /* szuweixiaoyuan-Prefix.pch */ = {isa = PBXFileReference; lastKnownFileType = sourcecode.c.h; path = "szuweixiaoyuan-Prefix.pch"; sourceTree = "<group>"; };
		9F25BD381510354300F11603 /* AppDelegate.h */ = {isa = PBXFileReference; lastKnownFileType = sourcecode.c.h; path = AppDelegate.h; sourceTree = "<group>"; };
		9F25BD391510354300F11603 /* AppDelegate.m */ = {isa = PBXFileReference; lastKnownFileType = sourcecode.c.objc; path = AppDelegate.m; sourceTree = "<group>"; };
		9F25BD3B1510354300F11603 /* MasterViewController.h */ = {isa = PBXFileReference; lastKnownFileType = sourcecode.c.h; path = MasterViewController.h; sourceTree = "<group>"; };
		9F25BD3C1510354300F11603 /* MasterViewController.m */ = {isa = PBXFileReference; lastKnownFileType = sourcecode.c.objc; path = MasterViewController.m; sourceTree = "<group>"; };
		9F25BD3E1510354300F11603 /* DetailViewController.h */ = {isa = PBXFileReference; lastKnownFileType = sourcecode.c.h; path = DetailViewController.h; sourceTree = "<group>"; };
		9F25BD3F1510354300F11603 /* DetailViewController.m */ = {isa = PBXFileReference; lastKnownFileType = sourcecode.c.objc; path = DetailViewController.m; sourceTree = "<group>"; };
		9F25BD421510354400F11603 /* en */ = {isa = PBXFileReference; lastKnownFileType = file.xib; name = en; path = en.lproj/MasterViewController.xib; sourceTree = "<group>"; };
		9F25BD451510354400F11603 /* en */ = {isa = PBXFileReference; lastKnownFileType = file.xib; name = en; path = en.lproj/DetailViewController.xib; sourceTree = "<group>"; };
		9F25BD5B1510399400F11603 /* Default.png */ = {isa = PBXFileReference; lastKnownFileType = image.png; path = Default.png; sourceTree = "<group>"; };
		9F25BD5D1510399700F11603 /* Default@2x.png */ = {isa = PBXFileReference; lastKnownFileType = image.png; path = "Default@2x.png"; sourceTree = "<group>"; };
		9F25BD5F151039AF00F11603 /* icon.png */ = {isa = PBXFileReference; lastKnownFileType = image.png; path = icon.png; sourceTree = "<group>"; };
		9F25BD61151039B400F11603 /* icon@2x.png */ = {isa = PBXFileReference; lastKnownFileType = image.png; path = "icon@2x.png"; sourceTree = "<group>"; };
		9F25BD6F151045CE00F11603 /* GongwentongFetcher.h */ = {isa = PBXFileReference; fileEncoding = 4; lastKnownFileType = sourcecode.c.h; path = GongwentongFetcher.h; sourceTree = "<group>"; };
		9F25BD70151045CE00F11603 /* GongwentongFetcher.m */ = {isa = PBXFileReference; fileEncoding = 4; lastKnownFileType = sourcecode.c.objc; path = GongwentongFetcher.m; sourceTree = "<group>"; };
		9F25BD721510464B00F11603 /* FileHelper.h */ = {isa = PBXFileReference; fileEncoding = 4; lastKnownFileType = sourcecode.c.h; path = FileHelper.h; sourceTree = "<group>"; };
		9F25BD731510464B00F11603 /* FileHelper.m */ = {isa = PBXFileReference; fileEncoding = 4; lastKnownFileType = sourcecode.c.objc; path = FileHelper.m; sourceTree = "<group>"; };
		9F25BD75151046C600F11603 /* NSObject+SBJson.h */ = {isa = PBXFileReference; fileEncoding = 4; lastKnownFileType = sourcecode.c.h; name = "NSObject+SBJson.h"; path = "../../果子电话本/果子电话本/NSObject+SBJson.h"; sourceTree = "<group>"; };
		9F25BD76151046C600F11603 /* NSObject+SBJson.m */ = {isa = PBXFileReference; fileEncoding = 4; lastKnownFileType = sourcecode.c.objc; name = "NSObject+SBJson.m"; path = "../../果子电话本/果子电话本/NSObject+SBJson.m"; sourceTree = "<group>"; };
		9F25BD77151046C600F11603 /* SBJson.h */ = {isa = PBXFileReference; fileEncoding = 4; lastKnownFileType = sourcecode.c.h; name = SBJson.h; path = "../../果子电话本/果子电话本/SBJson.h"; sourceTree = "<group>"; };
		9F25BD78151046C600F11603 /* SBJsonParser.h */ = {isa = PBXFileReference; fileEncoding = 4; lastKnownFileType = sourcecode.c.h; name = SBJsonParser.h; path = "../../果子电话本/果子电话本/SBJsonParser.h"; sourceTree = "<group>"; };
		9F25BD79151046C600F11603 /* SBJsonParser.m */ = {isa = PBXFileReference; fileEncoding = 4; lastKnownFileType = sourcecode.c.objc; name = SBJsonParser.m; path = "../../果子电话本/果子电话本/SBJsonParser.m"; sourceTree = "<group>"; };
		9F25BD7A151046C600F11603 /* SBJsonStreamParser.h */ = {isa = PBXFileReference; fileEncoding = 4; lastKnownFileType = sourcecode.c.h; name = SBJsonStreamParser.h; path = "../../果子电话本/果子电话本/SBJsonStreamParser.h"; sourceTree = "<group>"; };
		9F25BD7B151046C600F11603 /* SBJsonStreamParser.m */ = {isa = PBXFileReference; fileEncoding = 4; lastKnownFileType = sourcecode.c.objc; name = SBJsonStreamParser.m; path = "../../果子电话本/果子电话本/SBJsonStreamParser.m"; sourceTree = "<group>"; };
		9F25BD7C151046C700F11603 /* SBJsonStreamParserAccumulator.h */ = {isa = PBXFileReference; fileEncoding = 4; lastKnownFileType = sourcecode.c.h; name = SBJsonStreamParserAccumulator.h; path = "../../果子电话本/果子电话本/SBJsonStreamParserAccumulator.h"; sourceTree = "<group>"; };
		9F25BD7D151046C700F11603 /* SBJsonStreamParserAccumulator.m */ = {isa = PBXFileReference; fileEncoding = 4; lastKnownFileType = sourcecode.c.objc; name = SBJsonStreamParserAccumulator.m; path = "../../果子电话本/果子电话本/SBJsonStreamParserAccumulator.m"; sourceTree = "<group>"; };
		9F25BD7E151046C700F11603 /* SBJsonStreamParserAdapter.h */ = {isa = PBXFileReference; fileEncoding = 4; lastKnownFileType = sourcecode.c.h; name = SBJsonStreamParserAdapter.h; path = "../../果子电话本/果子电话本/SBJsonStreamParserAdapter.h"; sourceTree = "<group>"; };
		9F25BD7F151046C700F11603 /* SBJsonStreamParserAdapter.m */ = {isa = PBXFileReference; fileEncoding = 4; lastKnownFileType = sourcecode.c.objc; name = SBJsonStreamParserAdapter.m; path = "../../果子电话本/果子电话本/SBJsonStreamParserAdapter.m"; sourceTree = "<group>"; };
		9F25BD80151046C700F11603 /* SBJsonStreamParserState.h */ = {isa = PBXFileReference; fileEncoding = 4; lastKnownFileType = sourcecode.c.h; name = SBJsonStreamParserState.h; path = "../../果子电话本/果子电话本/SBJsonStreamParserState.h"; sourceTree = "<group>"; };
		9F25BD81151046C700F11603 /* SBJsonStreamParserState.m */ = {isa = PBXFileReference; fileEncoding = 4; lastKnownFileType = sourcecode.c.objc; name = SBJsonStreamParserState.m; path = "../../果子电话本/果子电话本/SBJsonStreamParserState.m"; sourceTree = "<group>"; };
		9F25BD82151046C700F11603 /* SBJsonStreamWriter.h */ = {isa = PBXFileReference; fileEncoding = 4; lastKnownFileType = sourcecode.c.h; name = SBJsonStreamWriter.h; path = "../../果子电话本/果子电话本/SBJsonStreamWriter.h"; sourceTree = "<group>"; };
		9F25BD83151046C700F11603 /* SBJsonStreamWriter.m */ = {isa = PBXFileReference; fileEncoding = 4; lastKnownFileType = sourcecode.c.objc; name = SBJsonStreamWriter.m; path = "../../果子电话本/果子电话本/SBJsonStreamWriter.m"; sourceTree = "<group>"; };
		9F25BD84151046C700F11603 /* SBJsonStreamWriterAccumulator.h */ = {isa = PBXFileReference; fileEncoding = 4; lastKnownFileType = sourcecode.c.h; name = SBJsonStreamWriterAccumulator.h; path = "../../果子电话本/果子电话本/SBJsonStreamWriterAccumulator.h"; sourceTree = "<group>"; };
		9F25BD85151046C700F11603 /* SBJsonStreamWriterAccumulator.m */ = {isa = PBXFileReference; fileEncoding = 4; lastKnownFileType = sourcecode.c.objc; name = SBJsonStreamWriterAccumulator.m; path = "../../果子电话本/果子电话本/SBJsonStreamWriterAccumulator.m"; sourceTree = "<group>"; };
		9F25BD86151046C700F11603 /* SBJsonStreamWriterState.h */ = {isa = PBXFileReference; fileEncoding = 4; lastKnownFileType = sourcecode.c.h; name = SBJsonStreamWriterState.h; path = "../../果子电话本/果子电话本/SBJsonStreamWriterState.h"; sourceTree = "<group>"; };
		9F25BD87151046C700F11603 /* SBJsonStreamWriterState.m */ = {isa = PBXFileReference; fileEncoding = 4; lastKnownFileType = sourcecode.c.objc; name = SBJsonStreamWriterState.m; path = "../../果子电话本/果子电话本/SBJsonStreamWriterState.m"; sourceTree = "<group>"; };
		9F25BD88151046C700F11603 /* SBJsonTokeniser.h */ = {isa = PBXFileReference; fileEncoding = 4; lastKnownFileType = sourcecode.c.h; name = SBJsonTokeniser.h; path = "../../果子电话本/果子电话本/SBJsonTokeniser.h"; sourceTree = "<group>"; };
		9F25BD89151046C700F11603 /* SBJsonTokeniser.m */ = {isa = PBXFileReference; fileEncoding = 4; lastKnownFileType = sourcecode.c.objc; name = SBJsonTokeniser.m; path = "../../果子电话本/果子电话本/SBJsonTokeniser.m"; sourceTree = "<group>"; };
		9F25BD8A151046C800F11603 /* SBJsonUTF8Stream.h */ = {isa = PBXFileReference; fileEncoding = 4; lastKnownFileType = sourcecode.c.h; name = SBJsonUTF8Stream.h; path = "../../果子电话本/果子电话本/SBJsonUTF8Stream.h"; sourceTree = "<group>"; };
		9F25BD8B151046C800F11603 /* SBJsonUTF8Stream.m */ = {isa = PBXFileReference; fileEncoding = 4; lastKnownFileType = sourcecode.c.objc; name = SBJsonUTF8Stream.m; path = "../../果子电话本/果子电话本/SBJsonUTF8Stream.m"; sourceTree = "<group>"; };
		9F25BD8C151046C800F11603 /* SBJsonWriter.h */ = {isa = PBXFileReference; fileEncoding = 4; lastKnownFileType = sourcecode.c.h; name = SBJsonWriter.h; path = "../../果子电话本/果子电话本/SBJsonWriter.h"; sourceTree = "<group>"; };
		9F25BD8D151046C800F11603 /* SBJsonWriter.m */ = {isa = PBXFileReference; fileEncoding = 4; lastKnownFileType = sourcecode.c.objc; name = SBJsonWriter.m; path = "../../果子电话本/果子电话本/SBJsonWriter.m"; sourceTree = "<group>"; };
		9F25BD9B151048CD00F11603 /* GWTListViewController.h */ = {isa = PBXFileReference; fileEncoding = 4; lastKnownFileType = sourcecode.c.h; path = GWTListViewController.h; sourceTree = "<group>"; };
		9F25BD9C151048CD00F11603 /* GWTListViewController.m */ = {isa = PBXFileReference; fileEncoding = 4; lastKnownFileType = sourcecode.c.objc; path = GWTListViewController.m; sourceTree = "<group>"; };
		9FA091D91510627300C6F6AE /* WebViewController.h */ = {isa = PBXFileReference; fileEncoding = 4; lastKnownFileType = sourcecode.c.h; path = WebViewController.h; sourceTree = "<group>"; };
		9FA091DA1510627300C6F6AE /* WebViewController.m */ = {isa = PBXFileReference; fileEncoding = 4; lastKnownFileType = sourcecode.c.objc; path = WebViewController.m; sourceTree = "<group>"; };
		9FA091DB1510627300C6F6AE /* WebViewController.xib */ = {isa = PBXFileReference; fileEncoding = 4; lastKnownFileType = file.xib; path = WebViewController.xib; sourceTree = "<group>"; };
		9FEA9A56151095D70022375C /* SZUCALLoginViewController.h */ = {isa = PBXFileReference; fileEncoding = 4; lastKnownFileType = sourcecode.c.h; path = SZUCALLoginViewController.h; sourceTree = "<group>"; };
		9FEA9A57151095D70022375C /* SZUCALLoginViewController.m */ = {isa = PBXFileReference; fileEncoding = 4; lastKnownFileType = sourcecode.c.objc; path = SZUCALLoginViewController.m; sourceTree = "<group>"; };
		9FEA9A58151095D70022375C /* SZUCALLoginViewController.xib */ = {isa = PBXFileReference; fileEncoding = 4; lastKnownFileType = file.xib; path = SZUCALLoginViewController.xib; sourceTree = "<group>"; };
		9FEA9A5C1510989D0022375C /* SZUCALTableViewController.h */ = {isa = PBXFileReference; fileEncoding = 4; lastKnownFileType = sourcecode.c.h; path = SZUCALTableViewController.h; sourceTree = "<group>"; };
		9FEA9A5D1510989D0022375C /* SZUCALTableViewController.m */ = {isa = PBXFileReference; fileEncoding = 4; lastKnownFileType = sourcecode.c.objc; path = SZUCALTableViewController.m; sourceTree = "<group>"; };
		9FEA9A671510B6570022375C /* README.md */ = {isa = PBXFileReference; fileEncoding = 4; lastKnownFileType = text; path = README.md; sourceTree = "<group>"; };
/* End PBXFileReference section */

/* Begin PBXFrameworksBuildPhase section */
		9F25BD221510354300F11603 /* Frameworks */ = {
			isa = PBXFrameworksBuildPhase;
			buildActionMask = 2147483647;
			files = (
				9F25BD2A1510354300F11603 /* UIKit.framework in Frameworks */,
				9F25BD2C1510354300F11603 /* Foundation.framework in Frameworks */,
				9F25BD2E1510354300F11603 /* CoreGraphics.framework in Frameworks */,
			);
			runOnlyForDeploymentPostprocessing = 0;
		};
/* End PBXFrameworksBuildPhase section */

/* Begin PBXGroup section */
		9F25BD1A1510354300F11603 = {
			isa = PBXGroup;
			children = (
				9FEA9A671510B6570022375C /* README.md */,
				9F25BD61151039B400F11603 /* icon@2x.png */,
				9F25BD5F151039AF00F11603 /* icon.png */,
				9F25BD5D1510399700F11603 /* Default@2x.png */,
				9F25BD5B1510399400F11603 /* Default.png */,
				9F25BD2F1510354300F11603 /* szuweixiaoyuan */,
				9F25BD281510354300F11603 /* Frameworks */,
				9F25BD261510354300F11603 /* Products */,
			);
			sourceTree = "<group>";
		};
		9F25BD261510354300F11603 /* Products */ = {
			isa = PBXGroup;
			children = (
				9F25BD251510354300F11603 /* szuweixiaoyuan.app */,
			);
			name = Products;
			sourceTree = "<group>";
		};
		9F25BD281510354300F11603 /* Frameworks */ = {
			isa = PBXGroup;
			children = (
				9F25BD291510354300F11603 /* UIKit.framework */,
				9F25BD2B1510354300F11603 /* Foundation.framework */,
				9F25BD2D1510354300F11603 /* CoreGraphics.framework */,
			);
			name = Frameworks;
			sourceTree = "<group>";
		};
		9F25BD2F1510354300F11603 /* szuweixiaoyuan */ = {
			isa = PBXGroup;
			children = (
				9FA091D21510608A00C6F6AE /* Helpers */,
				9F25BD9A151046CE00F11603 /* SBJson */,
				9F25BD381510354300F11603 /* AppDelegate.h */,
				9F25BD391510354300F11603 /* AppDelegate.m */,
				9F25BD3B1510354300F11603 /* MasterViewController.h */,
				9F25BD3C1510354300F11603 /* MasterViewController.m */,
				9F25BD9B151048CD00F11603 /* GWTListViewController.h */,
				9F25BD9C151048CD00F11603 /* GWTListViewController.m */,
				9FEA9A5C1510989D0022375C /* SZUCALTableViewController.h */,
				9FEA9A5D1510989D0022375C /* SZUCALTableViewController.m */,
				9F25BD411510354400F11603 /* MasterViewController.xib */,
				9F25BD3E1510354300F11603 /* DetailViewController.h */,
				9F25BD3F1510354300F11603 /* DetailViewController.m */,
				9F25BD441510354400F11603 /* DetailViewController.xib */,
				9FA091D91510627300C6F6AE /* WebViewController.h */,
				9FA091DA1510627300C6F6AE /* WebViewController.m */,
				9FA091DB1510627300C6F6AE /* WebViewController.xib */,
				9F25BD301510354300F11603 /* Supporting Files */,
				9FEA9A56151095D70022375C /* SZUCALLoginViewController.h */,
				9FEA9A57151095D70022375C /* SZUCALLoginViewController.m */,
				9FEA9A58151095D70022375C /* SZUCALLoginViewController.xib */,
			);
			path = szuweixiaoyuan;
			sourceTree = "<group>";
		};
		9F25BD301510354300F11603 /* Supporting Files */ = {
			isa = PBXGroup;
			children = (
				9F25BD311510354300F11603 /* szuweixiaoyuan-Info.plist */,
				9F25BD321510354300F11603 /* InfoPlist.strings */,
				9F25BD351510354300F11603 /* main.m */,
				9F25BD371510354300F11603 /* szuweixiaoyuan-Prefix.pch */,
			);
			name = "Supporting Files";
			sourceTree = "<group>";
		};
		9F25BD9A151046CE00F11603 /* SBJson */ = {
			isa = PBXGroup;
			children = (
				9F25BD75151046C600F11603 /* NSObject+SBJson.h */,
				9F25BD76151046C600F11603 /* NSObject+SBJson.m */,
				9F25BD77151046C600F11603 /* SBJson.h */,
				9F25BD78151046C600F11603 /* SBJsonParser.h */,
				9F25BD79151046C600F11603 /* SBJsonParser.m */,
				9F25BD7A151046C600F11603 /* SBJsonStreamParser.h */,
				9F25BD7B151046C600F11603 /* SBJsonStreamParser.m */,
				9F25BD7C151046C700F11603 /* SBJsonStreamParserAccumulator.h */,
				9F25BD7D151046C700F11603 /* SBJsonStreamParserAccumulator.m */,
				9F25BD7E151046C700F11603 /* SBJsonStreamParserAdapter.h */,
				9F25BD7F151046C700F11603 /* SBJsonStreamParserAdapter.m */,
				9F25BD80151046C700F11603 /* SBJsonStreamParserState.h */,
				9F25BD81151046C700F11603 /* SBJsonStreamParserState.m */,
				9F25BD82151046C700F11603 /* SBJsonStreamWriter.h */,
				9F25BD83151046C700F11603 /* SBJsonStreamWriter.m */,
				9F25BD84151046C700F11603 /* SBJsonStreamWriterAccumulator.h */,
				9F25BD85151046C700F11603 /* SBJsonStreamWriterAccumulator.m */,
				9F25BD86151046C700F11603 /* SBJsonStreamWriterState.h */,
				9F25BD87151046C700F11603 /* SBJsonStreamWriterState.m */,
				9F25BD88151046C700F11603 /* SBJsonTokeniser.h */,
				9F25BD89151046C700F11603 /* SBJsonTokeniser.m */,
				9F25BD8A151046C800F11603 /* SBJsonUTF8Stream.h */,
				9F25BD8B151046C800F11603 /* SBJsonUTF8Stream.m */,
				9F25BD8C151046C800F11603 /* SBJsonWriter.h */,
				9F25BD8D151046C800F11603 /* SBJsonWriter.m */,
			);
			name = SBJson;
			sourceTree = "<group>";
		};
		9FA091D21510608A00C6F6AE /* Helpers */ = {
			isa = PBXGroup;
			children = (
				9F25BD6F151045CE00F11603 /* GongwentongFetcher.h */,
				9F25BD70151045CE00F11603 /* GongwentongFetcher.m */,
				9F25BD721510464B00F11603 /* FileHelper.h */,
				9F25BD731510464B00F11603 /* FileHelper.m */,
			);
			name = Helpers;
			sourceTree = "<group>";
		};
/* End PBXGroup section */

/* Begin PBXNativeTarget section */
		9F25BD241510354300F11603 /* szuweixiaoyuan */ = {
			isa = PBXNativeTarget;
			buildConfigurationList = 9F25BD491510354400F11603 /* Build configuration list for PBXNativeTarget "szuweixiaoyuan" */;
			buildPhases = (
				9F25BD211510354300F11603 /* Sources */,
				9F25BD221510354300F11603 /* Frameworks */,
				9F25BD231510354300F11603 /* Resources */,
			);
			buildRules = (
			);
			dependencies = (
			);
			name = szuweixiaoyuan;
			productName = szuweixiaoyuan;
			productReference = 9F25BD251510354300F11603 /* szuweixiaoyuan.app */;
			productType = "com.apple.product-type.application";
		};
/* End PBXNativeTarget section */

/* Begin PBXProject section */
		9F25BD1C1510354300F11603 /* Project object */ = {
			isa = PBXProject;
			attributes = {
				LastUpgradeCheck = 0420;
			};
			buildConfigurationList = 9F25BD1F1510354300F11603 /* Build configuration list for PBXProject "szuweixiaoyuan" */;
			compatibilityVersion = "Xcode 3.2";
			developmentRegion = English;
			hasScannedForEncodings = 0;
			knownRegions = (
				en,
			);
			mainGroup = 9F25BD1A1510354300F11603;
			productRefGroup = 9F25BD261510354300F11603 /* Products */;
			projectDirPath = "";
			projectRoot = "";
			targets = (
				9F25BD241510354300F11603 /* szuweixiaoyuan */,
			);
		};
/* End PBXProject section */

/* Begin PBXResourcesBuildPhase section */
		9F25BD231510354300F11603 /* Resources */ = {
			isa = PBXResourcesBuildPhase;
			buildActionMask = 2147483647;
			files = (
				9F25BD341510354300F11603 /* InfoPlist.strings in Resources */,
				9F25BD431510354400F11603 /* MasterViewController.xib in Resources */,
				9F25BD461510354400F11603 /* DetailViewController.xib in Resources */,
				9F25BD5C1510399400F11603 /* Default.png in Resources */,
				9F25BD5E1510399700F11603 /* Default@2x.png in Resources */,
				9F25BD60151039AF00F11603 /* icon.png in Resources */,
				9F25BD62151039B400F11603 /* icon@2x.png in Resources */,
				9FA091DD1510627300C6F6AE /* WebViewController.xib in Resources */,
				9FEA9A5A151095D70022375C /* SZUCALLoginViewController.xib in Resources */,
				9FEA9A681510B6570022375C /* README.md in Resources */,
			);
			runOnlyForDeploymentPostprocessing = 0;
		};
/* End PBXResourcesBuildPhase section */

/* Begin PBXSourcesBuildPhase section */
		9F25BD211510354300F11603 /* Sources */ = {
			isa = PBXSourcesBuildPhase;
			buildActionMask = 2147483647;
			files = (
				9F25BD361510354300F11603 /* main.m in Sources */,
				9F25BD3A1510354300F11603 /* AppDelegate.m in Sources */,
				9F25BD3D1510354300F11603 /* MasterViewController.m in Sources */,
				9F25BD401510354300F11603 /* DetailViewController.m in Sources */,
				9F25BD71151045CE00F11603 /* GongwentongFetcher.m in Sources */,
				9F25BD741510464B00F11603 /* FileHelper.m in Sources */,
				9F25BD8E151046C800F11603 /* NSObject+SBJson.m in Sources */,
				9F25BD8F151046C800F11603 /* SBJsonParser.m in Sources */,
				9F25BD90151046C800F11603 /* SBJsonStreamParser.m in Sources */,
				9F25BD91151046C800F11603 /* SBJsonStreamParserAccumulator.m in Sources */,
				9F25BD92151046C800F11603 /* SBJsonStreamParserAdapter.m in Sources */,
				9F25BD93151046C800F11603 /* SBJsonStreamParserState.m in Sources */,
				9F25BD94151046C800F11603 /* SBJsonStreamWriter.m in Sources */,
				9F25BD95151046C800F11603 /* SBJsonStreamWriterAccumulator.m in Sources */,
				9F25BD96151046C800F11603 /* SBJsonStreamWriterState.m in Sources */,
				9F25BD97151046C800F11603 /* SBJsonTokeniser.m in Sources */,
				9F25BD98151046C800F11603 /* SBJsonUTF8Stream.m in Sources */,
				9F25BD99151046C800F11603 /* SBJsonWriter.m in Sources */,
				9F25BD9D151048CD00F11603 /* GWTListViewController.m in Sources */,
				9FA091DC1510627300C6F6AE /* WebViewController.m in Sources */,
				9FEA9A59151095D70022375C /* SZUCALLoginViewController.m in Sources */,
				9FEA9A5E1510989D0022375C /* SZUCALTableViewController.m in Sources */,
			);
			runOnlyForDeploymentPostprocessing = 0;
		};
/* End PBXSourcesBuildPhase section */

/* Begin PBXVariantGroup section */
		9F25BD321510354300F11603 /* InfoPlist.strings */ = {
			isa = PBXVariantGroup;
			children = (
				9F25BD331510354300F11603 /* en */,
			);
			name = InfoPlist.strings;
			sourceTree = "<group>";
		};
		9F25BD411510354400F11603 /* MasterViewController.xib */ = {
			isa = PBXVariantGroup;
			children = (
				9F25BD421510354400F11603 /* en */,
			);
			name = MasterViewController.xib;
			sourceTree = "<group>";
		};
		9F25BD441510354400F11603 /* DetailViewController.xib */ = {
			isa = PBXVariantGroup;
			children = (
				9F25BD451510354400F11603 /* en */,
			);
			name = DetailViewController.xib;
			sourceTree = "<group>";
		};
/* End PBXVariantGroup section */

/* Begin XCBuildConfiguration section */
		9F25BD471510354400F11603 /* Debug */ = {
			isa = XCBuildConfiguration;
			buildSettings = {
				ALWAYS_SEARCH_USER_PATHS = NO;
				ARCHS = "$(ARCHS_STANDARD_32_BIT)";
				CLANG_ENABLE_OBJC_ARC = YES;
				"CODE_SIGN_IDENTITY[sdk=iphoneos*]" = "iPhone Developer";
				COPY_PHASE_STRIP = NO;
				GCC_C_LANGUAGE_STANDARD = gnu99;
				GCC_DYNAMIC_NO_PIC = NO;
				GCC_OPTIMIZATION_LEVEL = 0;
				GCC_PREPROCESSOR_DEFINITIONS = (
					"DEBUG=1",
					"$(inherited)",
				);
				GCC_SYMBOLS_PRIVATE_EXTERN = NO;
				GCC_VERSION = com.apple.compilers.llvm.clang.1_0;
				GCC_WARN_ABOUT_MISSING_PROTOTYPES = YES;
				GCC_WARN_ABOUT_RETURN_TYPE = YES;
				GCC_WARN_UNUSED_VARIABLE = YES;
				IPHONEOS_DEPLOYMENT_TARGET = 5.0;
				SDKROOT = iphoneos;
			};
			name = Debug;
		};
		9F25BD481510354400F11603 /* Release */ = {
			isa = XCBuildConfiguration;
			buildSettings = {
				ALWAYS_SEARCH_USER_PATHS = NO;
				ARCHS = "$(ARCHS_STANDARD_32_BIT)";
				CLANG_ENABLE_OBJC_ARC = YES;
				"CODE_SIGN_IDENTITY[sdk=iphoneos*]" = "iPhone Developer";
				COPY_PHASE_STRIP = YES;
				GCC_C_LANGUAGE_STANDARD = gnu99;
				GCC_VERSION = com.apple.compilers.llvm.clang.1_0;
				GCC_WARN_ABOUT_MISSING_PROTOTYPES = YES;
				GCC_WARN_ABOUT_RETURN_TYPE = YES;
				GCC_WARN_UNUSED_VARIABLE = YES;
				IPHONEOS_DEPLOYMENT_TARGET = 5.0;
				OTHER_CFLAGS = "-DNS_BLOCK_ASSERTIONS=1";
				SDKROOT = iphoneos;
				VALIDATE_PRODUCT = YES;
			};
			name = Release;
		};
		9F25BD4A1510354400F11603 /* Debug */ = {
			isa = XCBuildConfiguration;
			buildSettings = {
				GCC_PRECOMPILE_PREFIX_HEADER = YES;
				GCC_PREFIX_HEADER = "szuweixiaoyuan/szuweixiaoyuan-Prefix.pch";
				INFOPLIST_FILE = "szuweixiaoyuan/szuweixiaoyuan-Info.plist";
				IPHONEOS_DEPLOYMENT_TARGET = 4.3;
				PRODUCT_NAME = "$(TARGET_NAME)";
				WRAPPER_EXTENSION = app;
			};
			name = Debug;
		};
		9F25BD4B1510354400F11603 /* Release */ = {
			isa = XCBuildConfiguration;
			buildSettings = {
				GCC_PRECOMPILE_PREFIX_HEADER = YES;
				GCC_PREFIX_HEADER = "szuweixiaoyuan/szuweixiaoyuan-Prefix.pch";
				INFOPLIST_FILE = "szuweixiaoyuan/szuweixiaoyuan-Info.plist";
				IPHONEOS_DEPLOYMENT_TARGET = 4.3;
				PRODUCT_NAME = "$(TARGET_NAME)";
				WRAPPER_EXTENSION = app;
			};
			name = Release;
		};
/* End XCBuildConfiguration section */

/* Begin XCConfigurationList section */
		9F25BD1F1510354300F11603 /* Build configuration list for PBXProject "szuweixiaoyuan" */ = {
			isa = XCConfigurationList;
			buildConfigurations = (
				9F25BD471510354400F11603 /* Debug */,
				9F25BD481510354400F11603 /* Release */,
			);
			defaultConfigurationIsVisible = 0;
			defaultConfigurationName = Release;
		};
		9F25BD491510354400F11603 /* Build configuration list for PBXNativeTarget "szuweixiaoyuan" */ = {
			isa = XCConfigurationList;
			buildConfigurations = (
				9F25BD4A1510354400F11603 /* Debug */,
				9F25BD4B1510354400F11603 /* Release */,
			);
			defaultConfigurationIsVisible = 0;
			defaultConfigurationName = Release;
		};
/* End XCConfigurationList section */
	};
	rootObject = 9F25BD1C1510354300F11603 /* Project object */;
}
